
Microsoft Visual Studio Solution File, Format Version 12.00
# Visual Studio Version 17
VisualStudioVersion = 17.14.36603.0
MinimumVisualStudioVersion = 10.0.40219.1
Project("{8BC9CEB8-8B4A-11D0-8D11-00A0C91BC942}") = "Лаба 4", "Лаба 4\Лаба 4.vcxproj", "{071DBFD9-6DAF-440A-9836-AAB0F742B750}"
EndProject
Project("{8BC9CEB8-8B4A-11D0-8D11-00A0C91BC942}") = "MatrixTests", "MatrixTests\MatrixTests.vcxproj", "{A6144C59-F058-47DC-9F7E-F27EC1CC29E4}"
EndProject
Global
	GlobalSection(SolutionConfigurationPlatforms) = preSolution
		Debug|x64 = Debug|x64
		Debug|x86 = Debug|x86
		Release|x64 = Release|x64
		Release|x86 = Release|x86
	EndGlobalSection
	GlobalSection(ProjectConfigurationPlatforms) = postSolution
		{071DBFD9-6DAF-440A-9836-AAB0F742B750}.Debug|x64.ActiveCfg = Debug|x64
		{071DBFD9-6DAF-440A-9836-AAB0F742B750}.Debug|x64.Build.0 = Debug|x64
		{071DBFD9-6DAF-440A-9836-AAB0F742B750}.Debug|x86.ActiveCfg = Debug|Win32
		{071DBFD9-6DAF-440A-9836-AAB0F742B750}.Debug|x86.Build.0 = Debug|Win32
		{071DBFD9-6DAF-440A-9836-AAB0F742B750}.Release|x64.ActiveCfg = Release|x64
		{071DBFD9-6DAF-440A-9836-AAB0F742B750}.Release|x64.Build.0 = Release|x64
		{071DBFD9-6DAF-440A-9836-AAB0F742B750}.Release|x86.ActiveCfg = Release|Win32
		{071DBFD9-6DAF-440A-9836-AAB0F742B750}.Release|x86.Build.0 = Release|Win32
		{A6144C59-F058-47DC-9F7E-F27EC1CC29E4}.Debug|x64.ActiveCfg = Debug|x64
		{A6144C59-F058-47DC-9F7E-F27EC1CC29E4}.Debug|x64.Build.0 = Debug|x64
		{A6144C59-F058-47DC-9F7E-F27EC1CC29E4}.Debug|x86.ActiveCfg = Debug|Win32
		{A6144C59-F058-47DC-9F7E-F27EC1CC29E4}.Debug|x86.Build.0 = Debug|Win32
		{A6144C59-F058-47DC-9F7E-F27EC1CC29E4}.Release|x64.ActiveCfg = Release|x64
		{A6144C59-F058-47DC-9F7E-F27EC1CC29E4}.Release|x64.Build.0 = Release|x64
		{A6144C59-F058-47DC-9F7E-F27EC1CC29E4}.Release|x86.ActiveCfg = Release|Win32
		{A6144C59-F058-47DC-9F7E-F27EC1CC29E4}.Release|x86.Build.0 = Release|Win32
	EndGlobalSection
	GlobalSection(SolutionProperties) = preSolution
		HideSolutionNode = FALSE
	EndGlobalSection
	GlobalSection(ExtensibilityGlobals) = postSolution
		SolutionGuid = {D6F01F35-CAF1-4EB9-BA6C-A2CBA8628619}
	EndGlobalSection
EndGlobal
